
Microsoft Visual Studio Solution File, Format Version 12.00
# Visual Studio Version 16
VisualStudioVersion = 16.0.29326.143
MinimumVisualStudioVersion = 10.0.40219.1
Project("{FAE04EC0-301F-11D3-BF4B-00C04F79EFBC}") = "VSHelloWorld_170221032", "VSHelloWorld_170221032\VSHelloWorld_170221032.csproj", "{546A1180-42D3-423D-8423-E462681E496B}"
EndProject
Global
	GlobalSection(SolutionConfigurationPlatforms) = preSolution
		Debug|Any CPU = Debug|Any CPU
		Release|Any CPU = Release|Any CPU
	EndGlobalSection
	GlobalSection(ProjectConfigurationPlatforms) = postSolution
		{546A1180-42D3-423D-8423-E462681E496B}.Debug|Any CPU.ActiveCfg = Debug|Any CPU
		{546A1180-42D3-423D-8423-E462681E496B}.Debug|Any CPU.Build.0 = Debug|Any CPU
		{546A1180-42D3-423D-8423-E462681E496B}.Release|Any CPU.ActiveCfg = Release|Any CPU
		{546A1180-42D3-423D-8423-E462681E496B}.Release|Any CPU.Build.0 = Release|Any CPU
	EndGlobalSection
	GlobalSection(SolutionProperties) = preSolution
		HideSolutionNode = FALSE
	EndGlobalSection
	GlobalSection(ExtensibilityGlobals) = postSolution
		SolutionGuid = {D1055532-55F6-444F-94F4-F07A51686E56}
	EndGlobalSection
EndGlobal
